
Microsoft Visual Studio Solution File, Format Version 11.00
# Visual Studio 2010
Project("{FAE04EC0-301F-11D3-BF4B-00C04F79EFBC}") = "ch03", "Assembly-CSharp.csproj", "{DE44CC7E-A2A1-8410-4B6C-2B0BF785C05D}"
EndProject
Global
	GlobalSection(SolutionConfigurationPlatforms) = preSolution
		Debug|Any CPU = Debug|Any CPU
		Release|Any CPU = Release|Any CPU
	EndGlobalSection
	GlobalSection(ProjectConfigurationPlatforms) = postSolution
		{DE44CC7E-A2A1-8410-4B6C-2B0BF785C05D}.Debug|Any CPU.ActiveCfg = Debug|Any CPU
		{DE44CC7E-A2A1-8410-4B6C-2B0BF785C05D}.Debug|Any CPU.Build.0 = Debug|Any CPU
		{DE44CC7E-A2A1-8410-4B6C-2B0BF785C05D}.Release|Any CPU.ActiveCfg = Release|Any CPU
		{DE44CC7E-A2A1-8410-4B6C-2B0BF785C05D}.Release|Any CPU.Build.0 = Release|Any CPU
	EndGlobalSection
	GlobalSection(SolutionProperties) = preSolution
		HideSolutionNode = FALSE
	EndGlobalSection
	GlobalSection(MonoDevelopProperties) = preSolution
		StartupItem = Assembly-CSharp.csproj
	EndGlobalSection
EndGlobal
